// !$*UTF8*$!
{
	archiveVersion = 1;
	classes = {
	};
	objectVersion = 55;
	objects = {

/* Begin PBXBuildFile section */
		95E0DC6528B76AA500B2FFBF /* InstageramApp.swift in Sources */ = {isa = PBXBuildFile; fileRef = 95E0DC6428B76AA500B2FFBF /* InstageramApp.swift */; };
		95E0DC6728B76AA500B2FFBF /* ContentView.swift in Sources */ = {isa = PBXBuildFile; fileRef = 95E0DC6628B76AA500B2FFBF /* ContentView.swift */; };
		95E0DC6928B76AA700B2FFBF /* Assets.xcassets in Resources */ = {isa = PBXBuildFile; fileRef = 95E0DC6828B76AA700B2FFBF /* Assets.xcassets */; };
		95E0DC6C28B76AA700B2FFBF /* Preview Assets.xcassets in Resources */ = {isa = PBXBuildFile; fileRef = 95E0DC6B28B76AA700B2FFBF /* Preview Assets.xcassets */; };
		95E0DC7628B76AA700B2FFBF /* InstageramTests.swift in Sources */ = {isa = PBXBuildFile; fileRef = 95E0DC7528B76AA700B2FFBF /* InstageramTests.swift */; };
		95E0DC8028B76AA700B2FFBF /* InstageramUITests.swift in Sources */ = {isa = PBXBuildFile; fileRef = 95E0DC7F28B76AA700B2FFBF /* InstageramUITests.swift */; };
		95E0DC8228B76AA700B2FFBF /* InstageramUITestsLaunchTests.swift in Sources */ = {isa = PBXBuildFile; fileRef = 95E0DC8128B76AA700B2FFBF /* InstageramUITestsLaunchTests.swift */; };
/* End PBXBuildFile section */

/* Begin PBXContainerItemProxy section */
		95E0DC7228B76AA700B2FFBF /* PBXContainerItemProxy */ = {
			isa = PBXContainerItemProxy;
			containerPortal = 95E0DC5928B76AA500B2FFBF /* Project object */;
			proxyType = 1;
			remoteGlobalIDString = 95E0DC6028B76AA500B2FFBF;
			remoteInfo = Instageram;
		};
		95E0DC7C28B76AA700B2FFBF /* PBXContainerItemProxy */ = {
			isa = PBXContainerItemProxy;
			containerPortal = 95E0DC5928B76AA500B2FFBF /* Project object */;
			proxyType = 1;
			remoteGlobalIDString = 95E0DC6028B76AA500B2FFBF;
			remoteInfo = Instageram;
		};
/* End PBXContainerItemProxy section */

/* Begin PBXFileReference section */
		95E0DC6128B76AA500B2FFBF /* Instageram.app */ = {isa = PBXFileReference; explicitFileType = wrapper.application; includeInIndex = 0; path = Instageram.app; sourceTree = BUILT_PRODUCTS_DIR; };
		95E0DC6428B76AA500B2FFBF /* InstageramApp.swift */ = {isa = PBXFileReference; lastKnownFileType = sourcecode.swift; path = InstageramApp.swift; sourceTree = "<group>"; };
		95E0DC6628B76AA500B2FFBF /* ContentView.swift */ = {isa = PBXFileReference; lastKnownFileType = sourcecode.swift; path = ContentView.swift; sourceTree = "<group>"; };
		95E0DC6828B76AA700B2FFBF /* Assets.xcassets */ = {isa = PBXFileReference; lastKnownFileType = folder.assetcatalog; path = Assets.xcassets; sourceTree = "<group>"; };
		95E0DC6B28B76AA700B2FFBF /* Preview Assets.xcassets */ = {isa = PBXFileReference; lastKnownFileType = folder.assetcatalog; path = "Preview Assets.xcassets"; sourceTree = "<group>"; };
		95E0DC7128B76AA700B2FFBF /* InstageramTests.xctest */ = {isa = PBXFileReference; explicitFileType = wrapper.cfbundle; includeInIndex = 0; path = InstageramTests.xctest; sourceTree = BUILT_PRODUCTS_DIR; };
		95E0DC7528B76AA700B2FFBF /* InstageramTests.swift */ = {isa = PBXFileReference; lastKnownFileType = sourcecode.swift; path = InstageramTests.swift; sourceTree = "<group>"; };
		95E0DC7B28B76AA700B2FFBF /* InstageramUITests.xctest */ = {isa = PBXFileReference; explicitFileType = wrapper.cfbundle; includeInIndex = 0; path = InstageramUITests.xctest; sourceTree = BUILT_PRODUCTS_DIR; };
		95E0DC7F28B76AA700B2FFBF /* InstageramUITests.swift */ = {isa = PBXFileReference; lastKnownFileType = sourcecode.swift; path = InstageramUITests.swift; sourceTree = "<group>"; };
		95E0DC8128B76AA700B2FFBF /* InstageramUITestsLaunchTests.swift */ = {isa = PBXFileReference; lastKnownFileType = sourcecode.swift; path = InstageramUITestsLaunchTests.swift; sourceTree = "<group>"; };
/* End PBXFileReference section */

/* Begin PBXFrameworksBuildPhase section */
		95E0DC5E28B76AA500B2FFBF /* Frameworks */ = {
			isa = PBXFrameworksBuildPhase;
			buildActionMask = 2147483647;
			files = (
			);
			runOnlyForDeploymentPostprocessing = 0;
		};
		95E0DC6E28B76AA700B2FFBF /* Frameworks */ = {
			isa = PBXFrameworksBuildPhase;
			buildActionMask = 2147483647;
			files = (
			);
			runOnlyForDeploymentPostprocessing = 0;
		};
		95E0DC7828B76AA700B2FFBF /* Frameworks */ = {
			isa = PBXFrameworksBuildPhase;
			buildActionMask = 2147483647;
			files = (
			);
			runOnlyForDeploymentPostprocessing = 0;
		};
/* End PBXFrameworksBuildPhase section */

/* Begin PBXGroup section */
		95E0DC5828B76AA500B2FFBF = {
			isa = PBXGroup;
			children = (
				95E0DC6328B76AA500B2FFBF /* Instageram */,
				95E0DC7428B76AA700B2FFBF /* InstageramTests */,
				95E0DC7E28B76AA700B2FFBF /* InstageramUITests */,
				95E0DC6228B76AA500B2FFBF /* Products */,
			);
			sourceTree = "<group>";
		};
		95E0DC6228B76AA500B2FFBF /* Products */ = {
			isa = PBXGroup;
			children = (
				95E0DC6128B76AA500B2FFBF /* Instageram.app */,
				95E0DC7128B76AA700B2FFBF /* InstageramTests.xctest */,
				95E0DC7B28B76AA700B2FFBF /* InstageramUITests.xctest */,
			);
			name = Products;
			sourceTree = "<group>";
		};
		95E0DC6328B76AA500B2FFBF /* Instageram */ = {
			isa = PBXGroup;
			children = (
				95E0DC6428B76AA500B2FFBF /* InstageramApp.swift */,
				95E0DC6628B76AA500B2FFBF /* ContentView.swift */,
				95E0DC6828B76AA700B2FFBF /* Assets.xcassets */,
				95E0DC6A28B76AA700B2FFBF /* Preview Content */,
			);
			path = Instageram;
			sourceTree = "<group>";
		};
		95E0DC6A28B76AA700B2FFBF /* Preview Content */ = {
			isa = PBXGroup;
			children = (
				95E0DC6B28B76AA700B2FFBF /* Preview Assets.xcassets */,
			);
			path = "Preview Content";
			sourceTree = "<group>";
		};
		95E0DC7428B76AA700B2FFBF /* InstageramTests */ = {
			isa = PBXGroup;
			children = (
				95E0DC7528B76AA700B2FFBF /* InstageramTests.swift */,
			);
			path = InstageramTests;
			sourceTree = "<group>";
		};
		95E0DC7E28B76AA700B2FFBF /* InstageramUITests */ = {
			isa = PBXGroup;
			children = (
				95E0DC7F28B76AA700B2FFBF /* InstageramUITests.swift */,
				95E0DC8128B76AA700B2FFBF /* InstageramUITestsLaunchTests.swift */,
			);
			path = InstageramUITests;
			sourceTree = "<group>";
		};
/* End PBXGroup section */

/* Begin PBXNativeTarget section */
		95E0DC6028B76AA500B2FFBF /* Instageram */ = {
			isa = PBXNativeTarget;
			buildConfigurationList = 95E0DC8528B76AA700B2FFBF /* Build configuration list for PBXNativeTarget "Instageram" */;
			buildPhases = (
				95E0DC5D28B76AA500B2FFBF /* Sources */,
				95E0DC5E28B76AA500B2FFBF /* Frameworks */,
				95E0DC5F28B76AA500B2FFBF /* Resources */,
			);
			buildRules = (
			);
			dependencies = (
			);
			name = Instageram;
			productName = Instageram;
			productReference = 95E0DC6128B76AA500B2FFBF /* Instageram.app */;
			productType = "com.apple.product-type.application";
		};
		95E0DC7028B76AA700B2FFBF /* InstageramTests */ = {
			isa = PBXNativeTarget;
			buildConfigurationList = 95E0DC8828B76AA700B2FFBF /* Build configuration list for PBXNativeTarget "InstageramTests" */;
			buildPhases = (
				95E0DC6D28B76AA700B2FFBF /* Sources */,
				95E0DC6E28B76AA700B2FFBF /* Frameworks */,
				95E0DC6F28B76AA700B2FFBF /* Resources */,
			);
			buildRules = (
			);
			dependencies = (
				95E0DC7328B76AA700B2FFBF /* PBXTargetDependency */,
			);
			name = InstageramTests;
			productName = InstageramTests;
			productReference = 95E0DC7128B76AA700B2FFBF /* InstageramTests.xctest */;
			productType = "com.apple.product-type.bundle.unit-test";
		};
		95E0DC7A28B76AA700B2FFBF /* InstageramUITests */ = {
			isa = PBXNativeTarget;
			buildConfigurationList = 95E0DC8B28B76AA700B2FFBF /* Build configuration list for PBXNativeTarget "InstageramUITests" */;
			buildPhases = (
				95E0DC7728B76AA700B2FFBF /* Sources */,
				95E0DC7828B76AA700B2FFBF /* Frameworks */,
				95E0DC7928B76AA700B2FFBF /* Resources */,
			);
			buildRules = (
			);
			dependencies = (
				95E0DC7D28B76AA700B2FFBF /* PBXTargetDependency */,
			);
			name = InstageramUITests;
			productName = InstageramUITests;
			productReference = 95E0DC7B28B76AA700B2FFBF /* InstageramUITests.xctest */;
			productType = "com.apple.product-type.bundle.ui-testing";
		};
/* End PBXNativeTarget section */

/* Begin PBXProject section */
		95E0DC5928B76AA500B2FFBF /* Project object */ = {
			isa = PBXProject;
			attributes = {
				BuildIndependentTargetsInParallel = 1;
				LastSwiftUpdateCheck = 1340;
				LastUpgradeCheck = 1340;
				TargetAttributes = {
					95E0DC6028B76AA500B2FFBF = {
						CreatedOnToolsVersion = 13.4;
					};
					95E0DC7028B76AA700B2FFBF = {
						CreatedOnToolsVersion = 13.4;
						TestTargetID = 95E0DC6028B76AA500B2FFBF;
					};
					95E0DC7A28B76AA700B2FFBF = {
						CreatedOnToolsVersion = 13.4;
						TestTargetID = 95E0DC6028B76AA500B2FFBF;
					};
				};
			};
			buildConfigurationList = 95E0DC5C28B76AA500B2FFBF /* Build configuration list for PBXProject "Instageram" */;
			compatibilityVersion = "Xcode 13.0";
			developmentRegion = en;
			hasScannedForEncodings = 0;
			knownRegions = (
				en,
				Base,
			);
			mainGroup = 95E0DC5828B76AA500B2FFBF;
			productRefGroup = 95E0DC6228B76AA500B2FFBF /* Products */;
			projectDirPath = "";
			projectRoot = "";
			targets = (
				95E0DC6028B76AA500B2FFBF /* Instageram */,
				95E0DC7028B76AA700B2FFBF /* InstageramTests */,
				95E0DC7A28B76AA700B2FFBF /* InstageramUITests */,
			);
		};
/* End PBXProject section */

/* Begin PBXResourcesBuildPhase section */
		95E0DC5F28B76AA500B2FFBF /* Resources */ = {
			isa = PBXResourcesBuildPhase;
			buildActionMask = 2147483647;
			files = (
				95E0DC6C28B76AA700B2FFBF /* Preview Assets.xcassets in Resources */,
				95E0DC6928B76AA700B2FFBF /* Assets.xcassets in Resources */,
			);
			runOnlyForDeploymentPostprocessing = 0;
		};
		95E0DC6F28B76AA700B2FFBF /* Resources */ = {
			isa = PBXResourcesBuildPhase;
			buildActionMask = 2147483647;
			files = (
			);
			runOnlyForDeploymentPostprocessing = 0;
		};
		95E0DC7928B76AA700B2FFBF /* Resources */ = {
			isa = PBXResourcesBuildPhase;
			buildActionMask = 2147483647;
			files = (
			);
			runOnlyForDeploymentPostprocessing = 0;
		};
/* End PBXResourcesBuildPhase section */

/* Begin PBXSourcesBuildPhase section */
		95E0DC5D28B76AA500B2FFBF /* Sources */ = {
			isa = PBXSourcesBuildPhase;
			buildActionMask = 2147483647;
			files = (
				95E0DC6728B76AA500B2FFBF /* ContentView.swift in Sources */,
				95E0DC6528B76AA500B2FFBF /* InstageramApp.swift in Sources */,
			);
			runOnlyForDeploymentPostprocessing = 0;
		};
		95E0DC6D28B76AA700B2FFBF /* Sources */ = {
			isa = PBXSourcesBuildPhase;
			buildActionMask = 2147483647;
			files = (
				95E0DC7628B76AA700B2FFBF /* InstageramTests.swift in Sources */,
			);
			runOnlyForDeploymentPostprocessing = 0;
		};
		95E0DC7728B76AA700B2FFBF /* Sources */ = {
			isa = PBXSourcesBuildPhase;
			buildActionMask = 2147483647;
			files = (
				95E0DC8028B76AA700B2FFBF /* InstageramUITests.swift in Sources */,
				95E0DC8228B76AA700B2FFBF /* InstageramUITestsLaunchTests.swift in Sources */,
			);
			runOnlyForDeploymentPostprocessing = 0;
		};
/* End PBXSourcesBuildPhase section */

/* Begin PBXTargetDependency section */
		95E0DC7328B76AA700B2FFBF /* PBXTargetDependency */ = {
			isa = PBXTargetDependency;
			target = 95E0DC6028B76AA500B2FFBF /* Instageram */;
			targetProxy = 95E0DC7228B76AA700B2FFBF /* PBXContainerItemProxy */;
		};
		95E0DC7D28B76AA700B2FFBF /* PBXTargetDependency */ = {
			isa = PBXTargetDependency;
			target = 95E0DC6028B76AA500B2FFBF /* Instageram */;
			targetProxy = 95E0DC7C28B76AA700B2FFBF /* PBXContainerItemProxy */;
		};
/* End PBXTargetDependency section */

/* Begin XCBuildConfiguration section */
		95E0DC8328B76AA700B2FFBF /* Debug */ = {
			isa = XCBuildConfiguration;
			buildSettings = {
				ALWAYS_SEARCH_USER_PATHS = NO;
				CLANG_ANALYZER_NONNULL = YES;
				CLANG_ANALYZER_NUMBER_OBJECT_CONVERSION = YES_AGGRESSIVE;
				CLANG_CXX_LANGUAGE_STANDARD = "gnu++17";
				CLANG_ENABLE_MODULES = YES;
				CLANG_ENABLE_OBJC_ARC = YES;
				CLANG_ENABLE_OBJC_WEAK = YES;
				CLANG_WARN_BLOCK_CAPTURE_AUTORELEASING = YES;
				CLANG_WARN_BOOL_CONVERSION = YES;
				CLANG_WARN_COMMA = YES;
				CLANG_WARN_CONSTANT_CONVERSION = YES;
				CLANG_WARN_DEPRECATED_OBJC_IMPLEMENTATIONS = YES;
				CLANG_WARN_DIRECT_OBJC_ISA_USAGE = YES_ERROR;
				CLANG_WARN_DOCUMENTATION_COMMENTS = YES;
				CLANG_WARN_EMPTY_BODY = YES;
				CLANG_WARN_ENUM_CONVERSION = YES;
				CLANG_WARN_INFINITE_RECURSION = YES;
				CLANG_WARN_INT_CONVERSION = YES;
				CLANG_WARN_NON_LITERAL_NULL_CONVERSION = YES;
				CLANG_WARN_OBJC_IMPLICIT_RETAIN_SELF = YES;
				CLANG_WARN_OBJC_LITERAL_CONVERSION = YES;
				CLANG_WARN_OBJC_ROOT_CLASS = YES_ERROR;
				CLANG_WARN_QUOTED_INCLUDE_IN_FRAMEWORK_HEADER = YES;
				CLANG_WARN_RANGE_LOOP_ANALYSIS = YES;
				CLANG_WARN_STRICT_PROTOTYPES = YES;
				CLANG_WARN_SUSPICIOUS_MOVE = YES;
				CLANG_WARN_UNGUARDED_AVAILABILITY = YES_AGGRESSIVE;
				CLANG_WARN_UNREACHABLE_CODE = YES;
				CLANG_WARN__DUPLICATE_METHOD_MATCH = YES;
				COPY_PHASE_STRIP = NO;
				DEBUG_INFORMATION_FORMAT = dwarf;
				ENABLE_STRICT_OBJC_MSGSEND = YES;
				ENABLE_TESTABILITY = YES;
				GCC_C_LANGUAGE_STANDARD = gnu11;
				GCC_DYNAMIC_NO_PIC = NO;
				GCC_NO_COMMON_BLOCKS = YES;
				GCC_OPTIMIZATION_LEVEL = 0;
				GCC_PREPROCESSOR_DEFINITIONS = (
					"DEBUG=1",
					"$(inherited)",
				);
				GCC_WARN_64_TO_32_BIT_CONVERSION = YES;
				GCC_WARN_ABOUT_RETURN_TYPE = YES_ERROR;
				GCC_WARN_UNDECLARED_SELECTOR = YES;
				GCC_WARN_UNINITIALIZED_AUTOS = YES_AGGRESSIVE;
				GCC_WARN_UNUSED_FUNCTION = YES;
				GCC_WARN_UNUSED_VARIABLE = YES;
				IPHONEOS_DEPLOYMENT_TARGET = 15.5;
				MTL_ENABLE_DEBUG_INFO = INCLUDE_SOURCE;
				MTL_FAST_MATH = YES;
				ONLY_ACTIVE_ARCH = YES;
				SDKROOT = iphoneos;
				SWIFT_ACTIVE_COMPILATION_CONDITIONS = DEBUG;
				SWIFT_OPTIMIZATION_LEVEL = "-Onone";
			};
			name = Debug;
		};
		95E0DC8428B76AA700B2FFBF /* Release */ = {
			isa = XCBuildConfiguration;
			buildSettings = {
				ALWAYS_SEARCH_USER_PATHS = NO;
				CLANG_ANALYZER_NONNULL = YES;
				CLANG_ANALYZER_NUMBER_OBJECT_CONVERSION = YES_AGGRESSIVE;
				CLANG_CXX_LANGUAGE_STANDARD = "gnu++17";
				CLANG_ENABLE_MODULES = YES;
				CLANG_ENABLE_OBJC_ARC = YES;
				CLANG_ENABLE_OBJC_WEAK = YES;
				CLANG_WARN_BLOCK_CAPTURE_AUTORELEASING = YES;
				CLANG_WARN_BOOL_CONVERSION = YES;
				CLANG_WARN_COMMA = YES;
				CLANG_WARN_CONSTANT_CONVERSION = YES;
				CLANG_WARN_DEPRECATED_OBJC_IMPLEMENTATIONS = YES;
				CLANG_WARN_DIRECT_OBJC_ISA_USAGE = YES_ERROR;
				CLANG_WARN_DOCUMENTATION_COMMENTS = YES;
				CLANG_WARN_EMPTY_BODY = YES;
				CLANG_WARN_ENUM_CONVERSION = YES;
				CLANG_WARN_INFINITE_RECURSION = YES;
				CLANG_WARN_INT_CONVERSION = YES;
				CLANG_WARN_NON_LITERAL_NULL_CONVERSION = YES;
				CLANG_WARN_OBJC_IMPLICIT_RETAIN_SELF = YES;
				CLANG_WARN_OBJC_LITERAL_CONVERSION = YES;
				CLANG_WARN_OBJC_ROOT_CLASS = YES_ERROR;
				CLANG_WARN_QUOTED_INCLUDE_IN_FRAMEWORK_HEADER = YES;
				CLANG_WARN_RANGE_LOOP_ANALYSIS = YES;
				CLANG_WARN_STRICT_PROTOTYPES = YES;
				CLANG_WARN_SUSPICIOUS_MOVE = YES;
				CLANG_WARN_UNGUARDED_AVAILABILITY = YES_AGGRESSIVE;
				CLANG_WARN_UNREACHABLE_CODE = YES;
				CLANG_WARN__DUPLICATE_METHOD_MATCH = YES;
				COPY_PHASE_STRIP = NO;
				DEBUG_INFORMATION_FORMAT = "dwarf-with-dsym";
				ENABLE_NS_ASSERTIONS = NO;
				ENABLE_STRICT_OBJC_MSGSEND = YES;
				GCC_C_LANGUAGE_STANDARD = gnu11;
				GCC_NO_COMMON_BLOCKS = YES;
				GCC_WARN_64_TO_32_BIT_CONVERSION = YES;
				GCC_WARN_ABOUT_RETURN_TYPE = YES_ERROR;
				GCC_WARN_UNDECLARED_SELECTOR = YES;
				GCC_WARN_UNINITIALIZED_AUTOS = YES_AGGRESSIVE;
				GCC_WARN_UNUSED_FUNCTION = YES;
				GCC_WARN_UNUSED_VARIABLE = YES;
				IPHONEOS_DEPLOYMENT_TARGET = 15.5;
				MTL_ENABLE_DEBUG_INFO = NO;
				MTL_FAST_MATH = YES;
				SDKROOT = iphoneos;
				SWIFT_COMPILATION_MODE = wholemodule;
				SWIFT_OPTIMIZATION_LEVEL = "-O";
				VALIDATE_PRODUCT = YES;
			};
			name = Release;
		};
		95E0DC8628B76AA700B2FFBF /* Debug */ = {
			isa = XCBuildConfiguration;
			buildSettings = {
				ASSETCATALOG_COMPILER_APPICON_NAME = AppIcon;
				ASSETCATALOG_COMPILER_GLOBAL_ACCENT_COLOR_NAME = AccentColor;
				CODE_SIGN_STYLE = Automatic;
				CURRENT_PROJECT_VERSION = 1;
				DEVELOPMENT_ASSET_PATHS = "\"Instageram/Preview Content\"";
				ENABLE_PREVIEWS = YES;
				GENERATE_INFOPLIST_FILE = YES;
				INFOPLIST_KEY_UIApplicationSceneManifest_Generation = YES;
				INFOPLIST_KEY_UIApplicationSupportsIndirectInputEvents = YES;
				INFOPLIST_KEY_UILaunchScreen_Generation = YES;
				INFOPLIST_KEY_UISupportedInterfaceOrientations_iPad = "UIInterfaceOrientationPortrait UIInterfaceOrientationPortraitUpsideDown UIInterfaceOrientationLandscapeLeft UIInterfaceOrientationLandscapeRight";
				INFOPLIST_KEY_UISupportedInterfaceOrientations_iPhone = "UIInterfaceOrientationPortrait UIInterfaceOrientationLandscapeLeft UIInterfaceOrientationLandscapeRight";
				LD_RUNPATH_SEARCH_PATHS = (
					"$(inherited)",
					"@executable_path/Frameworks",
				);
				MARKETING_VERSION = 1.0;
				PRODUCT_BUNDLE_IDENTIFIER = MuhFikriH.Instageram;
				PRODUCT_NAME = "$(TARGET_NAME)";
				SWIFT_EMIT_LOC_STRINGS = YES;
				SWIFT_VERSION = 5.0;
				TARGETED_DEVICE_FAMILY = "1,2";
			};
			name = Debug;
		};
		95E0DC8728B76AA700B2FFBF /* Release */ = {
			isa = XCBuildConfiguration;
			buildSettings = {
				ASSETCATALOG_COMPILER_APPICON_NAME = AppIcon;
				ASSETCATALOG_COMPILER_GLOBAL_ACCENT_COLOR_NAME = AccentColor;
				CODE_SIGN_STYLE = Automatic;
				CURRENT_PROJECT_VERSION = 1;
				DEVELOPMENT_ASSET_PATHS = "\"Instageram/Preview Content\"";
				ENABLE_PREVIEWS = YES;
				GENERATE_INFOPLIST_FILE = YES;
				INFOPLIST_KEY_UIApplicationSceneManifest_Generation = YES;
				INFOPLIST_KEY_UIApplicationSupportsIndirectInputEvents = YES;
				INFOPLIST_KEY_UILaunchScreen_Generation = YES;
				INFOPLIST_KEY_UISupportedInterfaceOrientations_iPad = "UIInterfaceOrientationPortrait UIInterfaceOrientationPortraitUpsideDown UIInterfaceOrientationLandscapeLeft UIInterfaceOrientationLandscapeRight";
				INFOPLIST_KEY_UISupportedInterfaceOrientations_iPhone = "UIInterfaceOrientationPortrait UIInterfaceOrientationLandscapeLeft UIInterfaceOrientationLandscapeRight";
				LD_RUNPATH_SEARCH_PATHS = (
					"$(inherited)",
					"@executable_path/Frameworks",
				);
				MARKETING_VERSION = 1.0;
				PRODUCT_BUNDLE_IDENTIFIER = MuhFikriH.Instageram;
				PRODUCT_NAME = "$(TARGET_NAME)";
				SWIFT_EMIT_LOC_STRINGS = YES;
				SWIFT_VERSION = 5.0;
				TARGETED_DEVICE_FAMILY = "1,2";
			};
			name = Release;
		};
		95E0DC8928B76AA700B2FFBF /* Debug */ = {
			isa = XCBuildConfiguration;
			buildSettings = {
				ALWAYS_EMBED_SWIFT_STANDARD_LIBRARIES = YES;
				BUNDLE_LOADER = "$(TEST_HOST)";
				CODE_SIGN_STYLE = Automatic;
				CURRENT_PROJECT_VERSION = 1;
				GENERATE_INFOPLIST_FILE = YES;
				IPHONEOS_DEPLOYMENT_TARGET = 15.5;
				MARKETING_VERSION = 1.0;
				PRODUCT_BUNDLE_IDENTIFIER = MuhFikriH.InstageramTests;
				PRODUCT_NAME = "$(TARGET_NAME)";
				SWIFT_EMIT_LOC_STRINGS = NO;
				SWIFT_VERSION = 5.0;
				TARGETED_DEVICE_FAMILY = "1,2";
				TEST_HOST = "$(BUILT_PRODUCTS_DIR)/Instageram.app/Instageram";
			};
			name = Debug;
		};
		95E0DC8A28B76AA700B2FFBF /* Release */ = {
			isa = XCBuildConfiguration;
			buildSettings = {
				ALWAYS_EMBED_SWIFT_STANDARD_LIBRARIES = YES;
				BUNDLE_LOADER = "$(TEST_HOST)";
				CODE_SIGN_STYLE = Automatic;
				CURRENT_PROJECT_VERSION = 1;
				GENERATE_INFOPLIST_FILE = YES;
				IPHONEOS_DEPLOYMENT_TARGET = 15.5;
				MARKETING_VERSION = 1.0;
				PRODUCT_BUNDLE_IDENTIFIER = MuhFikriH.InstageramTests;
				PRODUCT_NAME = "$(TARGET_NAME)";
				SWIFT_EMIT_LOC_STRINGS = NO;
				SWIFT_VERSION = 5.0;
				TARGETED_DEVICE_FAMILY = "1,2";
				TEST_HOST = "$(BUILT_PRODUCTS_DIR)/Instageram.app/Instageram";
			};
			name = Release;
		};
		95E0DC8C28B76AA700B2FFBF /* Debug */ = {
			isa = XCBuildConfiguration;
			buildSettings = {
				ALWAYS_EMBED_SWIFT_STANDARD_LIBRARIES = YES;
				CODE_SIGN_STYLE = Automatic;
				CURRENT_PROJECT_VERSION = 1;
				GENERATE_INFOPLIST_FILE = YES;
				MARKETING_VERSION = 1.0;
				PRODUCT_BUNDLE_IDENTIFIER = MuhFikriH.InstageramUITests;
				PRODUCT_NAME = "$(TARGET_NAME)";
				SWIFT_EMIT_LOC_STRINGS = NO;
				SWIFT_VERSION = 5.0;
				TARGETED_DEVICE_FAMILY = "1,2";
				TEST_TARGET_NAME = Instageram;
			};
			name = Debug;
		};
		95E0DC8D28B76AA700B2FFBF /* Release */ = {
			isa = XCBuildConfiguration;
			buildSettings = {
				ALWAYS_EMBED_SWIFT_STANDARD_LIBRARIES = YES;
				CODE_SIGN_STYLE = Automatic;
				CURRENT_PROJECT_VERSION = 1;
				GENERATE_INFOPLIST_FILE = YES;
				MARKETING_VERSION = 1.0;
				PRODUCT_BUNDLE_IDENTIFIER = MuhFikriH.InstageramUITests;
				PRODUCT_NAME = "$(TARGET_NAME)";
				SWIFT_EMIT_LOC_STRINGS = NO;
				SWIFT_VERSION = 5.0;
				TARGETED_DEVICE_FAMILY = "1,2";
				TEST_TARGET_NAME = Instageram;
			};
			name = Release;
		};
/* End XCBuildConfiguration section */

/* Begin XCConfigurationList section */
		95E0DC5C28B76AA500B2FFBF /* Build configuration list for PBXProject "Instageram" */ = {
			isa = XCConfigurationList;
			buildConfigurations = (
				95E0DC8328B76AA700B2FFBF /* Debug */,
				95E0DC8428B76AA700B2FFBF /* Release */,
			);
			defaultConfigurationIsVisible = 0;
			defaultConfigurationName = Release;
		};
		95E0DC8528B76AA700B2FFBF /* Build configuration list for PBXNativeTarget "Instageram" */ = {
			isa = XCConfigurationList;
			buildConfigurations = (
				95E0DC8628B76AA700B2FFBF /* Debug */,
				95E0DC8728B76AA700B2FFBF /* Release */,
			);
			defaultConfigurationIsVisible = 0;
			defaultConfigurationName = Release;
		};
		95E0DC8828B76AA700B2FFBF /* Build configuration list for PBXNativeTarget "InstageramTests" */ = {
			isa = XCConfigurationList;
			buildConfigurations = (
				95E0DC8928B76AA700B2FFBF /* Debug */,
				95E0DC8A28B76AA700B2FFBF /* Release */,
			);
			defaultConfigurationIsVisible = 0;
			defaultConfigurationName = Release;
		};
		95E0DC8B28B76AA700B2FFBF /* Build configuration list for PBXNativeTarget "InstageramUITests" */ = {
			isa = XCConfigurationList;
			buildConfigurations = (
				95E0DC8C28B76AA700B2FFBF /* Debug */,
				95E0DC8D28B76AA700B2FFBF /* Release */,
			);
			defaultConfigurationIsVisible = 0;
			defaultConfigurationName = Release;
		};
/* End XCConfigurationList section */
	};
	rootObject = 95E0DC5928B76AA500B2FFBF /* Project object */;
}
